hash: da82ebf553d43ef3f91a6ecda6b8eef556ab7cb53dc9d5fb2cbf3919c308813e
updated: 2016-08-24T22:51:51.013593343+02:00
imports:
- name: github.com/bborbe/io
  version: 56d91e8345e4418981a56bc4b8466b4096138f08
  subpackages:
  - buffered_writer
- name: github.com/bborbe/log
  version: 0250bb5b2e2bd833cb9a47333c28aa46751cdbfe
testImports:
- name: github.com/bborbe/assert
  version: cd6d0ec67c40ced8ca6cf72773b9e4b44420fbd2
